
Microsoft Visual Studio Solution File, Format Version 12.00
# Visual Studio Version 16
VisualStudioVersion = 16.0.30011.22
MinimumVisualStudioVersion = 10.0.40219.1
Project("{FAE04EC0-301F-11D3-BF4B-00C04F79EFBC}") = "JournalAPI", "JournalAPI.csproj", "{6DC883F8-BEFB-4853-9EBF-3402CC80407A}"
EndProject
Global
	GlobalSection(SolutionConfigurationPlatforms) = preSolution
		Debug|Any CPU = Debug|Any CPU
		Release|Any CPU = Release|Any CPU
	EndGlobalSection
	GlobalSection(ProjectConfigurationPlatforms) = postSolution
		{6DC883F8-BEFB-4853-9EBF-3402CC80407A}.Debug|Any CPU.ActiveCfg = Debug|Any CPU
		{6DC883F8-BEFB-4853-9EBF-3402CC80407A}.Debug|Any CPU.Build.0 = Debug|Any CPU
		{6DC883F8-BEFB-4853-9EBF-3402CC80407A}.Release|Any CPU.ActiveCfg = Release|Any CPU
		{6DC883F8-BEFB-4853-9EBF-3402CC80407A}.Release|Any CPU.Build.0 = Release|Any CPU
	EndGlobalSection
	GlobalSection(SolutionProperties) = preSolution
		HideSolutionNode = FALSE
	EndGlobalSection
	GlobalSection(ExtensibilityGlobals) = postSolution
		SolutionGuid = {F7328045-F6AF-4D2F-B1E2-792A9E40C887}
	EndGlobalSection
EndGlobal
